Pygments==2.20.0
annotated-doc==0.0.4
annotated-types==0.7.0
anyio==4.13.0
certifi==2026.4.22
cffi==2.1.0
charset-normalizer==3.4.7
click==8.3.3
coverage==7.13.5
cryptography==49.0.0
h11==0.16.0
httpcore==1.0.9
httpx==0.28.1
hypothesis==6.155.7
idna==3.13
iniconfig==2.3.0
jaraco.classes==3.4.0
jaraco.context==6.1.2
jaraco.functools==4.5.0
jeepney==0.9.0
keyring==25.7.0
markdown-it-py==4.0.0
mdurl==0.1.2
mdit-py-plugins==0.5.0
more-itertools==11.1.0
packaging==26.2
platformdirs==4.9.6
pluggy==1.6.0
pycparser==3.0
pydantic-settings==2.14.0
pydantic==2.13.3
pydantic_core==2.46.3
pytest-asyncio==1.4.0
pytest-cov==7.1.0
pytest-mock==3.15.1
pytest==9.1.1
python-dotenv==1.2.2
requests==2.33.1
rich==15.0.0
ruff==0.15.20
SecretStorage==3.5.0
sortedcontainers==2.4.0
textual==8.2.5
typing-inspection==0.4.2
typing_extensions==4.15.0
urllib3==2.6.3
